
Microsoft Visual Studio Solution File, Format Version 12.00
# Visual Studio 15
VisualStudioVersion = 15.0.28307.960
MinimumVisualStudioVersion = 10.0.40219.1
Project("{FAE04EC0-301F-11D3-BF4B-00C04F79EFBC}") = "WcfServiceLibrary", "WcfServiceLibrary\WcfServiceLibrary.csproj", "{FC0DB876-76E8-492A-BB4E-98964B3525F0}"
EndProject
Project("{FAE04EC0-301F-11D3-BF4B-00C04F79EFBC}") = "WcfServiceIISHost", "WcfServiceIISHost\WcfServiceIISHost.csproj", "{884A4981-BB10-4C41-93B1-EB852D969ACB}"
EndProject
Project("{FAE04EC0-301F-11D3-BF4B-00C04F79EFBC}") = "WcfServiceClientConsoleApp", "WcfServiceClientConsoleApp\WcfServiceClientConsoleApp.csproj", "{57C8DEF8-6234-4528-8B68-F377BDAC8BB7}"
EndProject
Global
	GlobalSection(SolutionConfigurationPlatforms) = preSolution
		Debug|Any CPU = Debug|Any CPU
		Release|Any CPU = Release|Any CPU
	EndGlobalSection
	GlobalSection(ProjectConfigurationPlatforms) = postSolution
		{FC0DB876-76E8-492A-BB4E-98964B3525F0}.Debug|Any CPU.ActiveCfg = Debug|Any CPU
		{FC0DB876-76E8-492A-BB4E-98964B3525F0}.Debug|Any CPU.Build.0 = Debug|Any CPU
		{FC0DB876-76E8-492A-BB4E-98964B3525F0}.Release|Any CPU.ActiveCfg = Release|Any CPU
		{FC0DB876-76E8-492A-BB4E-98964B3525F0}.Release|Any CPU.Build.0 = Release|Any CPU
		{884A4981-BB10-4C41-93B1-EB852D969ACB}.Debug|Any CPU.ActiveCfg = Debug|Any CPU
		{884A4981-BB10-4C41-93B1-EB852D969ACB}.Debug|Any CPU.Build.0 = Debug|Any CPU
		{884A4981-BB10-4C41-93B1-EB852D969ACB}.Release|Any CPU.ActiveCfg = Release|Any CPU
		{884A4981-BB10-4C41-93B1-EB852D969ACB}.Release|Any CPU.Build.0 = Release|Any CPU
		{57C8DEF8-6234-4528-8B68-F377BDAC8BB7}.Debug|Any CPU.ActiveCfg = Debug|Any CPU
		{57C8DEF8-6234-4528-8B68-F377BDAC8BB7}.Debug|Any CPU.Build.0 = Debug|Any CPU
		{57C8DEF8-6234-4528-8B68-F377BDAC8BB7}.Release|Any CPU.ActiveCfg = Release|Any CPU
		{57C8DEF8-6234-4528-8B68-F377BDAC8BB7}.Release|Any CPU.Build.0 = Release|Any CPU
	EndGlobalSection
	GlobalSection(SolutionProperties) = preSolution
		HideSolutionNode = FALSE
	EndGlobalSection
	GlobalSection(ExtensibilityGlobals) = postSolution
		SolutionGuid = {835E3855-3A00-45A6-AA69-AA0E54CDD810}
	EndGlobalSection
EndGlobal
